
Microsoft Visual Studio Solution File, Format Version 12.00
# Visual Studio Version 17
VisualStudioVersion = 17.8.34309.116
MinimumVisualStudioVersion = 10.0.40219.1
Project("{9A19103F-16F7-4668-BE54-9A1E7A4F7556}") = "FoodDelivery2.Server", "FoodDelivery2\Server\FoodDelivery2.Server.csproj", "{6B84821B-BD44-404E-8BB6-9FD7D1EBAC5C}"
EndProject
Project("{9A19103F-16F7-4668-BE54-9A1E7A4F7556}") = "FoodDelivery2.Client", "FoodDelivery2\Client\FoodDelivery2.Client.csproj", "{C422FC8F-4ADA-4AD1-9476-F525938B5BA4}"
EndProject
Project("{9A19103F-16F7-4668-BE54-9A1E7A4F7556}") = "FoodDelivery2.Shared", "FoodDelivery2\Shared\FoodDelivery2.Shared.csproj", "{11663F3C-5C9D-4A3F-A0D1-66C79CA71AEE}"
EndProject
Global
	GlobalSection(SolutionConfigurationPlatforms) = preSolution
		Debug|Any CPU = Debug|Any CPU
		Release|Any CPU = Release|Any CPU
	EndGlobalSection
	GlobalSection(ProjectConfigurationPlatforms) = postSolution
		{6B84821B-BD44-404E-8BB6-9FD7D1EBAC5C}.Debug|Any CPU.ActiveCfg = Debug|Any CPU
		{6B84821B-BD44-404E-8BB6-9FD7D1EBAC5C}.Debug|Any CPU.Build.0 = Debug|Any CPU
		{6B84821B-BD44-404E-8BB6-9FD7D1EBAC5C}.Release|Any CPU.ActiveCfg = Release|Any CPU
		{6B84821B-BD44-404E-8BB6-9FD7D1EBAC5C}.Release|Any CPU.Build.0 = Release|Any CPU
		{C422FC8F-4ADA-4AD1-9476-F525938B5BA4}.Debug|Any CPU.ActiveCfg = Debug|Any CPU
		{C422FC8F-4ADA-4AD1-9476-F525938B5BA4}.Debug|Any CPU.Build.0 = Debug|Any CPU
		{C422FC8F-4ADA-4AD1-9476-F525938B5BA4}.Release|Any CPU.ActiveCfg = Release|Any CPU
		{C422FC8F-4ADA-4AD1-9476-F525938B5BA4}.Release|Any CPU.Build.0 = Release|Any CPU
		{11663F3C-5C9D-4A3F-A0D1-66C79CA71AEE}.Debug|Any CPU.ActiveCfg = Debug|Any CPU
		{11663F3C-5C9D-4A3F-A0D1-66C79CA71AEE}.Debug|Any CPU.Build.0 = Debug|Any CPU
		{11663F3C-5C9D-4A3F-A0D1-66C79CA71AEE}.Release|Any CPU.ActiveCfg = Release|Any CPU
		{11663F3C-5C9D-4A3F-A0D1-66C79CA71AEE}.Release|Any CPU.Build.0 = Release|Any CPU
	EndGlobalSection
	GlobalSection(SolutionProperties) = preSolution
		HideSolutionNode = FALSE
	EndGlobalSection
	GlobalSection(ExtensibilityGlobals) = postSolution
		SolutionGuid = {F58C3A1C-0041-406F-B973-CB2C0B45CBB8}
	EndGlobalSection
EndGlobal
